
Microsoft Visual Studio Solution File, Format Version 10.00
# Visual Studio 2008
Project("{FAE04EC0-301F-11D3-BF4B-00C04F79EFBC}") = "FlixCloud", "FlixCloud\FlixCloud.csproj", "{7F96C1D9-3E85-4DD7-990B-8259053C9468}"
EndProject
Project("{FAE04EC0-301F-11D3-BF4B-00C04F79EFBC}") = "InvokeDemo", "InvokeDemo\InvokeDemo.csproj", "{82716083-DFC3-4045-B164-CDE30A5AEF26}"
EndProject
Project("{FAE04EC0-301F-11D3-BF4B-00C04F79EFBC}") = "FlixCloudNotification", "FlixCloudNotification\FlixCloudNotification.csproj", "{0A529B16-BFED-4B93-8159-01D7BB96775A}"
EndProject
Global
	GlobalSection(SolutionConfigurationPlatforms) = preSolution
		Debug|Any CPU = Debug|Any CPU
		Release|Any CPU = Release|Any CPU
	EndGlobalSection
	GlobalSection(ProjectConfigurationPlatforms) = postSolution
		{7F96C1D9-3E85-4DD7-990B-8259053C9468}.Debug|Any CPU.ActiveCfg = Debug|Any CPU
		{7F96C1D9-3E85-4DD7-990B-8259053C9468}.Debug|Any CPU.Build.0 = Debug|Any CPU
		{7F96C1D9-3E85-4DD7-990B-8259053C9468}.Release|Any CPU.ActiveCfg = Release|Any CPU
		{7F96C1D9-3E85-4DD7-990B-8259053C9468}.Release|Any CPU.Build.0 = Release|Any CPU
		{82716083-DFC3-4045-B164-CDE30A5AEF26}.Debug|Any CPU.ActiveCfg = Debug|Any CPU
		{82716083-DFC3-4045-B164-CDE30A5AEF26}.Debug|Any CPU.Build.0 = Debug|Any CPU
		{82716083-DFC3-4045-B164-CDE30A5AEF26}.Release|Any CPU.ActiveCfg = Release|Any CPU
		{82716083-DFC3-4045-B164-CDE30A5AEF26}.Release|Any CPU.Build.0 = Release|Any CPU
		{0A529B16-BFED-4B93-8159-01D7BB96775A}.Debug|Any CPU.ActiveCfg = Debug|Any CPU
		{0A529B16-BFED-4B93-8159-01D7BB96775A}.Debug|Any CPU.Build.0 = Debug|Any CPU
		{0A529B16-BFED-4B93-8159-01D7BB96775A}.Release|Any CPU.ActiveCfg = Release|Any CPU
		{0A529B16-BFED-4B93-8159-01D7BB96775A}.Release|Any CPU.Build.0 = Release|Any CPU
	EndGlobalSection
	GlobalSection(SolutionProperties) = preSolution
		HideSolutionNode = FALSE
	EndGlobalSection
EndGlobal
